
Microsoft Visual Studio Solution File, Format Version 12.00
# Visual Studio 15
VisualStudioVersion = 15.0.27004.2009
MinimumVisualStudioVersion = 10.0.40219.1
Project("{FAE04EC0-301F-11D3-BF4B-00C04F79EFBC}") = "Task", "Task\Task.csproj", "{F33FA567-81FB-49EF-BF85-86BA0AD07A48}"
EndProject
Global
	GlobalSection(SolutionConfigurationPlatforms) = preSolution
		Debug|Any CPU = Debug|Any CPU
		Release|Any CPU = Release|Any CPU
	EndGlobalSection
	GlobalSection(ProjectConfigurationPlatforms) = postSolution
		{F33FA567-81FB-49EF-BF85-86BA0AD07A48}.Debug|Any CPU.ActiveCfg = Debug|Any CPU
		{F33FA567-81FB-49EF-BF85-86BA0AD07A48}.Debug|Any CPU.Build.0 = Debug|Any CPU
		{F33FA567-81FB-49EF-BF85-86BA0AD07A48}.Release|Any CPU.ActiveCfg = Release|Any CPU
		{F33FA567-81FB-49EF-BF85-86BA0AD07A48}.Release|Any CPU.Build.0 = Release|Any CPU
	EndGlobalSection
	GlobalSection(SolutionProperties) = preSolution
		HideSolutionNode = FALSE
	EndGlobalSection
	GlobalSection(ExtensibilityGlobals) = postSolution
		SolutionGuid = {750406A8-636F-492B-BB91-3D303D9DDDA8}
	EndGlobalSection
EndGlobal
